{
  "pins" : [
    {
      "identity" : "snapkit",
      "kind" : "remoteSourceControl",
      "location" : "https://github.com/SnapKit/SnapKit",
      "state" : {
        "revision" : "f222cbdf325885926566172f6f5f06af95473158",
        "version" : "5.6.0"
      }
    },
    {
      "identity" : "universekit",
      "kind" : "remoteSourceControl",
      "location" : "https://github.com/PXScope/UniverseKit.git",
      "state" : {
        "branch" : "develop",
        "revision" : "79395cfc21400f800fb3316037645e3bb2d1ecf9"
      }
    }
  ],
  "version" : 2
}
